# THIS IS AN AUTOGENERATED FILE. DO NOT EDIT THIS FILE DIRECTLY.
# yarn lockfile v1


"@prisma/client@2.16.0":
  version "2.16.0"
  resolved "https://registry.yarnpkg.com/@prisma/client/-/client-2.16.0.tgz#811dcb8310544876b88a0bbd230a2f65c58a9c01"
  integrity sha512-q02/IKwUIN+9Kl+Oayfb6x38NQ4ROvLoPSE+V0DRlJehTAJoxgRUWuPwaiOkksVnnmK4XHvKS/TR5EmQHUVxYw==
  dependencies:
    "@prisma/engines-version" "2.16.0-44.854c8ba7f0dce66f115af36af24e66989a8c02a1"

"@prisma/engines-version@2.16.0-44.854c8ba7f0dce66f115af36af24e66989a8c02a1":
  version "2.16.0-44.854c8ba7f0dce66f115af36af24e66989a8c02a1"
  resolved "https://registry.yarnpkg.com/@prisma/engines-version/-/engines-version-2.16.0-44.854c8ba7f0dce66f115af36af24e66989a8c02a1.tgz#6df1a9a9f4c711e18861be2de4c4f0e363d0aae9"
  integrity sha512-/gcqWJDXoo0vsYi7fhdhdyjfMXxJPjKl8K7oc/k2BH7IQuXUB1A+ZnFgqRcT/rKuyU4xH8+N+l+C4boWlqYvgQ==

"@prisma/engines@2.16.0-44.854c8ba7f0dce66f115af36af24e66989a8c02a1":
  version "2.16.0-44.854c8ba7f0dce66f115af36af24e66989a8c02a1"
  resolved "https://registry.yarnpkg.com/@prisma/engines/-/engines-2.16.0-44.854c8ba7f0dce66f115af36af24e66989a8c02a1.tgz#c7a53f31eafca0e4c010663740ee22ea678f757e"
  integrity sha512-vt8w+vqCEaTUGZes7mrY5BkF3zZIPTQ9x+C9Ynmr9d+WW54vTqJt7lDFS6eps0LYoqdcCHEs3r/SydCqjII+OQ==

prisma@2.16.0:
  version "2.16.0"
  resolved "https://registry.yarnpkg.com/prisma/-/prisma-2.16.0.tgz#a4d3d82932f8aa4b4c5415d254bd9966ed9b5c33"
  integrity sha512-tV+28U0dfmuC0lRWZlqI3PLx+5U2UFw4h5fikBexglXsMOE60S732UDnQPOKS/wztJE7EDS36lk6FInFVDpkPQ==
  dependencies:
    "@prisma/engines" "2.16.0-44.854c8ba7f0dce66f115af36af24e66989a8c02a1"
